// !$*UTF8*$!
{
	archiveVersion = 1;
	classes = {
	};
	objectVersion = 55;
	objects = {

/* Begin PBXBuildFile section */
		B01DE390293F633800EE4BB8 /* RatingsCell.xib in Resources */ = {isa = PBXBuildFile; fileRef = B01DE38F293F633800EE4BB8 /* RatingsCell.xib */; };
		B01DE392293F642A00EE4BB8 /* RatingsCell.swift in Sources */ = {isa = PBXBuildFile; fileRef = B01DE391293F642A00EE4BB8 /* RatingsCell.swift */; };
		B01DE394293F64B000EE4BB8 /* MFSearchViewController.swift in Sources */ = {isa = PBXBuildFile; fileRef = B01DE393293F64B000EE4BB8 /* MFSearchViewController.swift */; };
		B01DE396293F64EA00EE4BB8 /* NavigationHelper.swift in Sources */ = {isa = PBXBuildFile; fileRef = B01DE395293F64EA00EE4BB8 /* NavigationHelper.swift */; };
		B01DE399293F66A400EE4BB8 /* MFHomeViewModel.swift in Sources */ = {isa = PBXBuildFile; fileRef = B01DE398293F66A400EE4BB8 /* MFHomeViewModel.swift */; };
		B01DE39B293F68F600EE4BB8 /* Extension + UIApplication.swift in Sources */ = {isa = PBXBuildFile; fileRef = B01DE39A293F68F600EE4BB8 /* Extension + UIApplication.swift */; };
		B01DE39D293F69E000EE4BB8 /* MFSearchViewModel.swift in Sources */ = {isa = PBXBuildFile; fileRef = B01DE39C293F69E000EE4BB8 /* MFSearchViewModel.swift */; };
		B01DE3A2293F72B300EE4BB8 /* MFMovieDetailsViewController.swift in Sources */ = {isa = PBXBuildFile; fileRef = B01DE3A1293F72B300EE4BB8 /* MFMovieDetailsViewController.swift */; };
		B0981BE0293F75B900A8722E /* MovieTitleCell.xib in Resources */ = {isa = PBXBuildFile; fileRef = B0981BDF293F75B900A8722E /* MovieTitleCell.xib */; };
		B0981BE2293F75C400A8722E /* MovieTitleCell.swift in Sources */ = {isa = PBXBuildFile; fileRef = B0981BE1293F75C300A8722E /* MovieTitleCell.swift */; };
		B0981BE4293FA71E00A8722E /* MFMovieDetailViewModel.swift in Sources */ = {isa = PBXBuildFile; fileRef = B0981BE3293FA71E00A8722E /* MFMovieDetailViewModel.swift */; };
		B0981BE6293FA9B400A8722E /* MovieDescriptionCell.xib in Resources */ = {isa = PBXBuildFile; fileRef = B0981BE5293FA9B400A8722E /* MovieDescriptionCell.xib */; };
		B0981BE8293FA9BE00A8722E /* MovieDescriptionCell.swift in Sources */ = {isa = PBXBuildFile; fileRef = B0981BE7293FA9BE00A8722E /* MovieDescriptionCell.swift */; };
		B0981BEA293FAD3000A8722E /* UserProfileCell.xib in Resources */ = {isa = PBXBuildFile; fileRef = B0981BE9293FAD3000A8722E /* UserProfileCell.xib */; };
		B0981BEC293FAD6000A8722E /* UserProfileCell.swift in Sources */ = {isa = PBXBuildFile; fileRef = B0981BEB293FAD6000A8722E /* UserProfileCell.swift */; };
		B0981BEE293FB15A00A8722E /* KeyFactsCell.xib in Resources */ = {isa = PBXBuildFile; fileRef = B0981BED293FB15A00A8722E /* KeyFactsCell.xib */; };
		B0981BF0293FB27600A8722E /* KeyFactsCell.swift in Sources */ = {isa = PBXBuildFile; fileRef = B0981BEF293FB27600A8722E /* KeyFactsCell.swift */; };
		B0981BF82940882100A8722E /* movies.json in Resources */ = {isa = PBXBuildFile; fileRef = B0981BF72940882100A8722E /* movies.json */; };
		B0981BFA2940884A00A8722E /* staff_pick.json in Resources */ = {isa = PBXBuildFile; fileRef = B0981BF92940884A00A8722E /* staff_pick.json */; };
		B0981BFC294088AF00A8722E /* MFMoviesModel.swift in Sources */ = {isa = PBXBuildFile; fileRef = B0981BFB294088AF00A8722E /* MFMoviesModel.swift */; };
		B0981C002940897200A8722E /* MFJSONParser.swift in Sources */ = {isa = PBXBuildFile; fileRef = B0981BFF2940897200A8722E /* MFJSONParser.swift */; };
		B0981C022940918B00A8722E /* Extension + UIImageView.swift in Sources */ = {isa = PBXBuildFile; fileRef = B0981C012940918B00A8722E /* Extension + UIImageView.swift */; };
		B0981C042940966C00A8722E /* StaffPickViewModel.swift in Sources */ = {isa = PBXBuildFile; fileRef = B0981C032940966C00A8722E /* StaffPickViewModel.swift */; };
		B0981C0629409ED300A8722E /* MFDefaultViewController.swift in Sources */ = {isa = PBXBuildFile; fileRef = B0981C0529409ED300A8722E /* MFDefaultViewController.swift */; };
		B0981C082940AEC000A8722E /* MovieTitleModel.swift in Sources */ = {isa = PBXBuildFile; fileRef = B0981C072940AEC000A8722E /* MovieTitleModel.swift */; };
		B0981C0A2940B20200A8722E /* UserProfileModel.swift in Sources */ = {isa = PBXBuildFile; fileRef = B0981C092940B20200A8722E /* UserProfileModel.swift */; };
		B0981C0D2941078E00A8722E /* MFTheme.swift in Sources */ = {isa = PBXBuildFile; fileRef = B0981C0C2941078E00A8722E /* MFTheme.swift */; };
		B0CB079629362FC0005CB392 /* AppDelegate.swift in Sources */ = {isa = PBXBuildFile; fileRef = B0CB079529362FC0005CB392 /* AppDelegate.swift */; };
		B0CB079829362FC0005CB392 /* SceneDelegate.swift in Sources */ = {isa = PBXBuildFile; fileRef = B0CB079729362FC0005CB392 /* SceneDelegate.swift */; };
		B0CB079A29362FC0005CB392 /* MFHomeViewController.swift in Sources */ = {isa = PBXBuildFile; fileRef = B0CB079929362FC0005CB392 /* MFHomeViewController.swift */; };
		B0CB079D29362FC0005CB392 /* Main.storyboard in Resources */ = {isa = PBXBuildFile; fileRef = B0CB079B29362FC0005CB392 /* Main.storyboard */; };
		B0CB079F29362FC2005CB392 /* Assets.xcassets in Resources */ = {isa = PBXBuildFile; fileRef = B0CB079E29362FC2005CB392 /* Assets.xcassets */; };
		B0CB07A229362FC2005CB392 /* LaunchScreen.storyboard in Resources */ = {isa = PBXBuildFile; fileRef = B0CB07A029362FC2005CB392 /* LaunchScreen.storyboard */; };
		B0CB07AD2936322F005CB392 /* Extension + UIView.swift in Sources */ = {isa = PBXBuildFile; fileRef = B0CB07AC2936322F005CB392 /* Extension + UIView.swift */; };
		B0CB07AF29363520005CB392 /* Extension + UICollectionViewCell.swift in Sources */ = {isa = PBXBuildFile; fileRef = B0CB07AE29363520005CB392 /* Extension + UICollectionViewCell.swift */; };
		B0CB07B129363563005CB392 /* Extension + UITableViewCell.swift in Sources */ = {isa = PBXBuildFile; fileRef = B0CB07B029363563005CB392 /* Extension + UITableViewCell.swift */; };
		B0CB07B4293635B6005CB392 /* ReusableCellView.swift in Sources */ = {isa = PBXBuildFile; fileRef = B0CB07B3293635B6005CB392 /* ReusableCellView.swift */; };
		B0CB07B72936378D005CB392 /* FavoriteCell.xib in Resources */ = {isa = PBXBuildFile; fileRef = B0CB07B62936378D005CB392 /* FavoriteCell.xib */; };
		B0CB07B92936379E005CB392 /* StaffPickCell.xib in Resources */ = {isa = PBXBuildFile; fileRef = B0CB07B82936379E005CB392 /* StaffPickCell.xib */; };
		B0CB07BB293637AE005CB392 /* FavoriteCell.swift in Sources */ = {isa = PBXBuildFile; fileRef = B0CB07BA293637AE005CB392 /* FavoriteCell.swift */; };
		B0CB07BD293637B5005CB392 /* StaffPickCell.swift in Sources */ = {isa = PBXBuildFile; fileRef = B0CB07BC293637B5005CB392 /* StaffPickCell.swift */; };
/* End PBXBuildFile section */

/* Begin PBXFileReference section */
		B01DE38F293F633800EE4BB8 /* RatingsCell.xib */ = {isa = PBXFileReference; lastKnownFileType = file.xib; path = RatingsCell.xib; sourceTree = "<group>"; };
		B01DE391293F642A00EE4BB8 /* RatingsCell.swift */ = {isa = PBXFileReference; lastKnownFileType = sourcecode.swift; path = RatingsCell.swift; sourceTree = "<group>"; };
		B01DE393293F64B000EE4BB8 /* MFSearchViewController.swift */ = {isa = PBXFileReference; lastKnownFileType = sourcecode.swift; path = MFSearchViewController.swift; sourceTree = "<group>"; };
		B01DE395293F64EA00EE4BB8 /* NavigationHelper.swift */ = {isa = PBXFileReference; lastKnownFileType = sourcecode.swift; path = NavigationHelper.swift; sourceTree = "<group>"; };
		B01DE398293F66A400EE4BB8 /* MFHomeViewModel.swift */ = {isa = PBXFileReference; lastKnownFileType = sourcecode.swift; path = MFHomeViewModel.swift; sourceTree = "<group>"; };
		B01DE39A293F68F600EE4BB8 /* Extension + UIApplication.swift */ = {isa = PBXFileReference; lastKnownFileType = sourcecode.swift; path = "Extension + UIApplication.swift"; sourceTree = "<group>"; };
		B01DE39C293F69E000EE4BB8 /* MFSearchViewModel.swift */ = {isa = PBXFileReference; lastKnownFileType = sourcecode.swift; path = MFSearchViewModel.swift; sourceTree = "<group>"; };
		B01DE3A1293F72B300EE4BB8 /* MFMovieDetailsViewController.swift */ = {isa = PBXFileReference; lastKnownFileType = sourcecode.swift; path = MFMovieDetailsViewController.swift; sourceTree = "<group>"; };
		B0981BDF293F75B900A8722E /* MovieTitleCell.xib */ = {isa = PBXFileReference; fileEncoding = 4; lastKnownFileType = file.xib; path = MovieTitleCell.xib; sourceTree = "<group>"; };
		B0981BE1293F75C300A8722E /* MovieTitleCell.swift */ = {isa = PBXFileReference; lastKnownFileType = sourcecode.swift; path = MovieTitleCell.swift; sourceTree = "<group>"; };
		B0981BE3293FA71E00A8722E /* MFMovieDetailViewModel.swift */ = {isa = PBXFileReference; lastKnownFileType = sourcecode.swift; path = MFMovieDetailViewModel.swift; sourceTree = "<group>"; };
		B0981BE5293FA9B400A8722E /* MovieDescriptionCell.xib */ = {isa = PBXFileReference; lastKnownFileType = file.xib; path = MovieDescriptionCell.xib; sourceTree = "<group>"; };
		B0981BE7293FA9BE00A8722E /* MovieDescriptionCell.swift */ = {isa = PBXFileReference; lastKnownFileType = sourcecode.swift; path = MovieDescriptionCell.swift; sourceTree = "<group>"; };
		B0981BE9293FAD3000A8722E /* UserProfileCell.xib */ = {isa = PBXFileReference; lastKnownFileType = file.xib; path = UserProfileCell.xib; sourceTree = "<group>"; };
		B0981BEB293FAD6000A8722E /* UserProfileCell.swift */ = {isa = PBXFileReference; lastKnownFileType = sourcecode.swift; path = UserProfileCell.swift; sourceTree = "<group>"; };
		B0981BED293FB15A00A8722E /* KeyFactsCell.xib */ = {isa = PBXFileReference; lastKnownFileType = file.xib; path = KeyFactsCell.xib; sourceTree = "<group>"; };
		B0981BEF293FB27600A8722E /* KeyFactsCell.swift */ = {isa = PBXFileReference; lastKnownFileType = sourcecode.swift; path = KeyFactsCell.swift; sourceTree = "<group>"; };
		B0981BF72940882100A8722E /* movies.json */ = {isa = PBXFileReference; lastKnownFileType = text.json; path = movies.json; sourceTree = "<group>"; };
		B0981BF92940884A00A8722E /* staff_pick.json */ = {isa = PBXFileReference; lastKnownFileType = text.json; path = staff_pick.json; sourceTree = "<group>"; };
		B0981BFB294088AF00A8722E /* MFMoviesModel.swift */ = {isa = PBXFileReference; lastKnownFileType = sourcecode.swift; path = MFMoviesModel.swift; sourceTree = "<group>"; };
		B0981BFF2940897200A8722E /* MFJSONParser.swift */ = {isa = PBXFileReference; lastKnownFileType = sourcecode.swift; path = MFJSONParser.swift; sourceTree = "<group>"; };
		B0981C012940918B00A8722E /* Extension + UIImageView.swift */ = {isa = PBXFileReference; lastKnownFileType = sourcecode.swift; path = "Extension + UIImageView.swift"; sourceTree = "<group>"; };
		B0981C032940966C00A8722E /* StaffPickViewModel.swift */ = {isa = PBXFileReference; lastKnownFileType = sourcecode.swift; path = StaffPickViewModel.swift; sourceTree = "<group>"; };
		B0981C0529409ED300A8722E /* MFDefaultViewController.swift */ = {isa = PBXFileReference; lastKnownFileType = sourcecode.swift; path = MFDefaultViewController.swift; sourceTree = "<group>"; };
		B0981C072940AEC000A8722E /* MovieTitleModel.swift */ = {isa = PBXFileReference; lastKnownFileType = sourcecode.swift; path = MovieTitleModel.swift; sourceTree = "<group>"; };
		B0981C092940B20200A8722E /* UserProfileModel.swift */ = {isa = PBXFileReference; lastKnownFileType = sourcecode.swift; path = UserProfileModel.swift; sourceTree = "<group>"; };
		B0981C0C2941078E00A8722E /* MFTheme.swift */ = {isa = PBXFileReference; lastKnownFileType = sourcecode.swift; path = MFTheme.swift; sourceTree = "<group>"; };
		B0CB079229362FC0005CB392 /* MovieFlix.app */ = {isa = PBXFileReference; explicitFileType = wrapper.application; includeInIndex = 0; path = MovieFlix.app; sourceTree = BUILT_PRODUCTS_DIR; };
		B0CB079529362FC0005CB392 /* AppDelegate.swift */ = {isa = PBXFileReference; lastKnownFileType = sourcecode.swift; path = AppDelegate.swift; sourceTree = "<group>"; };
		B0CB079729362FC0005CB392 /* SceneDelegate.swift */ = {isa = PBXFileReference; lastKnownFileType = sourcecode.swift; path = SceneDelegate.swift; sourceTree = "<group>"; };
		B0CB079929362FC0005CB392 /* MFHomeViewController.swift */ = {isa = PBXFileReference; lastKnownFileType = sourcecode.swift; path = MFHomeViewController.swift; sourceTree = "<group>"; };
		B0CB079C29362FC0005CB392 /* Base */ = {isa = PBXFileReference; lastKnownFileType = file.storyboard; name = Base; path = Base.lproj/Main.storyboard; sourceTree = "<group>"; };
		B0CB079E29362FC2005CB392 /* Assets.xcassets */ = {isa = PBXFileReference; lastKnownFileType = folder.assetcatalog; path = Assets.xcassets; sourceTree = "<group>"; };
		B0CB07A129362FC2005CB392 /* Base */ = {isa = PBXFileReference; lastKnownFileType = file.storyboard; name = Base; path = Base.lproj/LaunchScreen.storyboard; sourceTree = "<group>"; };
		B0CB07A329362FC2005CB392 /* Info.plist */ = {isa = PBXFileReference; lastKnownFileType = text.plist.xml; path = Info.plist; sourceTree = "<group>"; };
		B0CB07AC2936322F005CB392 /* Extension + UIView.swift */ = {isa = PBXFileReference; lastKnownFileType = sourcecode.swift; path = "Extension + UIView.swift"; sourceTree = "<group>"; };
		B0CB07AE29363520005CB392 /* Extension + UICollectionViewCell.swift */ = {isa = PBXFileReference; lastKnownFileType = sourcecode.swift; path = "Extension + UICollectionViewCell.swift"; sourceTree = "<group>"; };
		B0CB07B029363563005CB392 /* Extension + UITableViewCell.swift */ = {isa = PBXFileReference; lastKnownFileType = sourcecode.swift; path = "Extension + UITableViewCell.swift"; sourceTree = "<group>"; };
		B0CB07B3293635B6005CB392 /* ReusableCellView.swift */ = {isa = PBXFileReference; lastKnownFileType = sourcecode.swift; path = ReusableCellView.swift; sourceTree = "<group>"; };
		B0CB07B62936378D005CB392 /* FavoriteCell.xib */ = {isa = PBXFileReference; lastKnownFileType = file.xib; path = FavoriteCell.xib; sourceTree = "<group>"; };
		B0CB07B82936379E005CB392 /* StaffPickCell.xib */ = {isa = PBXFileReference; lastKnownFileType = file.xib; path = StaffPickCell.xib; sourceTree = "<group>"; };
		B0CB07BA293637AE005CB392 /* FavoriteCell.swift */ = {isa = PBXFileReference; lastKnownFileType = sourcecode.swift; path = FavoriteCell.swift; sourceTree = "<group>"; };
		B0CB07BC293637B5005CB392 /* StaffPickCell.swift */ = {isa = PBXFileReference; lastKnownFileType = sourcecode.swift; path = StaffPickCell.swift; sourceTree = "<group>"; };
/* End PBXFileReference section */

/* Begin PBXFrameworksBuildPhase section */
		B0CB078F29362FC0005CB392 /* Frameworks */ = {
			isa = PBXFrameworksBuildPhase;
			buildActionMask = 2147483647;
			files = (
			);
			runOnlyForDeploymentPostprocessing = 0;
		};
/* End PBXFrameworksBuildPhase section */

/* Begin PBXGroup section */
		B01DE397293F668F00EE4BB8 /* Search Stack */ = {
			isa = PBXGroup;
			children = (
				B01DE393293F64B000EE4BB8 /* MFSearchViewController.swift */,
				B01DE39C293F69E000EE4BB8 /* MFSearchViewModel.swift */,
				B01DE39E293F70E500EE4BB8 /* Cells */,
			);
			path = "Search Stack";
			sourceTree = "<group>";
		};
		B01DE39E293F70E500EE4BB8 /* Cells */ = {
			isa = PBXGroup;
			children = (
				B01DE38F293F633800EE4BB8 /* RatingsCell.xib */,
				B01DE391293F642A00EE4BB8 /* RatingsCell.swift */,
			);
			path = Cells;
			sourceTree = "<group>";
		};
		B01DE39F293F727B00EE4BB8 /* Modules */ = {
			isa = PBXGroup;
			children = (
				B0CB07A929363001005CB392 /* Home Stack */,
				B01DE397293F668F00EE4BB8 /* Search Stack */,
				B01DE3A0293F729000EE4BB8 /* Movie Detail Stack */,
			);
			path = Modules;
			sourceTree = "<group>";
		};
		B01DE3A0293F729000EE4BB8 /* Movie Detail Stack */ = {
			isa = PBXGroup;
			children = (
				B01DE3A1293F72B300EE4BB8 /* MFMovieDetailsViewController.swift */,
				B0981BE3293FA71E00A8722E /* MFMovieDetailViewModel.swift */,
				B01DE3A5293F757F00EE4BB8 /* Cells */,
			);
			path = "Movie Detail Stack";
			sourceTree = "<group>";
		};
		B01DE3A5293F757F00EE4BB8 /* Cells */ = {
			isa = PBXGroup;
			children = (
				B0981BDF293F75B900A8722E /* MovieTitleCell.xib */,
				B0981BE1293F75C300A8722E /* MovieTitleCell.swift */,
				B0981BE5293FA9B400A8722E /* MovieDescriptionCell.xib */,
				B0981BE7293FA9BE00A8722E /* MovieDescriptionCell.swift */,
				B0981BE9293FAD3000A8722E /* UserProfileCell.xib */,
				B0981BEB293FAD6000A8722E /* UserProfileCell.swift */,
				B0981BED293FB15A00A8722E /* KeyFactsCell.xib */,
				B0981BEF293FB27600A8722E /* KeyFactsCell.swift */,
				B0981C072940AEC000A8722E /* MovieTitleModel.swift */,
				B0981C092940B20200A8722E /* UserProfileModel.swift */,
			);
			path = Cells;
			sourceTree = "<group>";
		};
		B0981BF6294087FC00A8722E /* JSON Files */ = {
			isa = PBXGroup;
			children = (
				B0981BF72940882100A8722E /* movies.json */,
				B0981BF92940884A00A8722E /* staff_pick.json */,
				B0981BFF2940897200A8722E /* MFJSONParser.swift */,
			);
			path = "JSON Files";
			sourceTree = "<group>";
		};
		B0CB078929362FC0005CB392 = {
			isa = PBXGroup;
			children = (
				B0CB079429362FC0005CB392 /* MovieFlix */,
				B0CB079329362FC0005CB392 /* Products */,
			);
			sourceTree = "<group>";
		};
		B0CB079329362FC0005CB392 /* Products */ = {
			isa = PBXGroup;
			children = (
				B0CB079229362FC0005CB392 /* MovieFlix.app */,
			);
			name = Products;
			sourceTree = "<group>";
		};
		B0CB079429362FC0005CB392 /* MovieFlix */ = {
			isa = PBXGroup;
			children = (
				B01DE39F293F727B00EE4BB8 /* Modules */,
				B0CB07B229363597005CB392 /* Reusable Views */,
				B0CB07AB2936321C005CB392 /* Extensions */,
				B0CB07AA29363034005CB392 /* Resources & Helpers */,
				B0CB079E29362FC2005CB392 /* Assets.xcassets */,
				B0CB07A329362FC2005CB392 /* Info.plist */,
			);
			path = MovieFlix;
			sourceTree = "<group>";
		};
		B0CB07A929363001005CB392 /* Home Stack */ = {
			isa = PBXGroup;
			children = (
				B0981BFB294088AF00A8722E /* MFMoviesModel.swift */,
				B0CB079929362FC0005CB392 /* MFHomeViewController.swift */,
				B01DE398293F66A400EE4BB8 /* MFHomeViewModel.swift */,
				B0CB07B52936374D005CB392 /* Cells */,
			);
			path = "Home Stack";
			sourceTree = "<group>";
		};
		B0CB07AA29363034005CB392 /* Resources & Helpers */ = {
			isa = PBXGroup;
			children = (
				B0981BF6294087FC00A8722E /* JSON Files */,
				B0CB079529362FC0005CB392 /* AppDelegate.swift */,
				B0CB079729362FC0005CB392 /* SceneDelegate.swift */,
				B0CB079B29362FC0005CB392 /* Main.storyboard */,
				B0CB07A029362FC2005CB392 /* LaunchScreen.storyboard */,
				B01DE395293F64EA00EE4BB8 /* NavigationHelper.swift */,
				B0981C0529409ED300A8722E /* MFDefaultViewController.swift */,
				B0981C0C2941078E00A8722E /* MFTheme.swift */,
			);
			path = "Resources & Helpers";
			sourceTree = "<group>";
		};
		B0CB07AB2936321C005CB392 /* Extensions */ = {
			isa = PBXGroup;
			children = (
				B0CB07AC2936322F005CB392 /* Extension + UIView.swift */,
				B0CB07AE29363520005CB392 /* Extension + UICollectionViewCell.swift */,
				B0CB07B029363563005CB392 /* Extension + UITableViewCell.swift */,
				B01DE39A293F68F600EE4BB8 /* Extension + UIApplication.swift */,
				B0981C012940918B00A8722E /* Extension + UIImageView.swift */,
			);
			path = Extensions;
			sourceTree = "<group>";
		};
		B0CB07B229363597005CB392 /* Reusable Views */ = {
			isa = PBXGroup;
			children = (
				B0CB07B3293635B6005CB392 /* ReusableCellView.swift */,
			);
			path = "Reusable Views";
			sourceTree = "<group>";
		};
		B0CB07B52936374D005CB392 /* Cells */ = {
			isa = PBXGroup;
			children = (
				B0CB07B62936378D005CB392 /* FavoriteCell.xib */,
				B0CB07BA293637AE005CB392 /* FavoriteCell.swift */,
				B0CB07B82936379E005CB392 /* StaffPickCell.xib */,
				B0CB07BC293637B5005CB392 /* StaffPickCell.swift */,
				B0981C032940966C00A8722E /* StaffPickViewModel.swift */,
			);
			path = Cells;
			sourceTree = "<group>";
		};
/* End PBXGroup section */

/* Begin PBXNativeTarget section */
		B0CB079129362FC0005CB392 /* MovieFlix */ = {
			isa = PBXNativeTarget;
			buildConfigurationList = B0CB07A629362FC2005CB392 /* Build configuration list for PBXNativeTarget "MovieFlix" */;
			buildPhases = (
				B0CB078E29362FC0005CB392 /* Sources */,
				B0CB078F29362FC0005CB392 /* Frameworks */,
				B0CB079029362FC0005CB392 /* Resources */,
			);
			buildRules = (
			);
			dependencies = (
			);
			name = MovieFlix;
			productName = MovieFlix;
			productReference = B0CB079229362FC0005CB392 /* MovieFlix.app */;
			productType = "com.apple.product-type.application";
		};
/* End PBXNativeTarget section */

/* Begin PBXProject section */
		B0CB078A29362FC0005CB392 /* Project object */ = {
			isa = PBXProject;
			attributes = {
				BuildIndependentTargetsInParallel = 1;
				LastSwiftUpdateCheck = 1410;
				LastUpgradeCheck = 1410;
				TargetAttributes = {
					B0CB079129362FC0005CB392 = {
						CreatedOnToolsVersion = 14.1;
					};
				};
			};
			buildConfigurationList = B0CB078D29362FC0005CB392 /* Build configuration list for PBXProject "MovieFlix" */;
			compatibilityVersion = "Xcode 13.0";
			developmentRegion = en;
			hasScannedForEncodings = 0;
			knownRegions = (
				en,
				Base,
			);
			mainGroup = B0CB078929362FC0005CB392;
			productRefGroup = B0CB079329362FC0005CB392 /* Products */;
			projectDirPath = "";
			projectRoot = "";
			targets = (
				B0CB079129362FC0005CB392 /* MovieFlix */,
			);
		};
/* End PBXProject section */

/* Begin PBXResourcesBuildPhase section */
		B0CB079029362FC0005CB392 /* Resources */ = {
			isa = PBXResourcesBuildPhase;
			buildActionMask = 2147483647;
			files = (
				B0CB07A229362FC2005CB392 /* LaunchScreen.storyboard in Resources */,
				B0981BFA2940884A00A8722E /* staff_pick.json in Resources */,
				B0981BEA293FAD3000A8722E /* UserProfileCell.xib in Resources */,
				B0CB07B72936378D005CB392 /* FavoriteCell.xib in Resources */,
				B0CB079F29362FC2005CB392 /* Assets.xcassets in Resources */,
				B0CB07B92936379E005CB392 /* StaffPickCell.xib in Resources */,
				B0981BE0293F75B900A8722E /* MovieTitleCell.xib in Resources */,
				B0981BF82940882100A8722E /* movies.json in Resources */,
				B0981BE6293FA9B400A8722E /* MovieDescriptionCell.xib in Resources */,
				B01DE390293F633800EE4BB8 /* RatingsCell.xib in Resources */,
				B0CB079D29362FC0005CB392 /* Main.storyboard in Resources */,
				B0981BEE293FB15A00A8722E /* KeyFactsCell.xib in Resources */,
			);
			runOnlyForDeploymentPostprocessing = 0;
		};
/* End PBXResourcesBuildPhase section */

/* Begin PBXSourcesBuildPhase section */
		B0CB078E29362FC0005CB392 /* Sources */ = {
			isa = PBXSourcesBuildPhase;
			buildActionMask = 2147483647;
			files = (
				B0981C0A2940B20200A8722E /* UserProfileModel.swift in Sources */,
				B0CB07AD2936322F005CB392 /* Extension + UIView.swift in Sources */,
				B01DE396293F64EA00EE4BB8 /* NavigationHelper.swift in Sources */,
				B0981C042940966C00A8722E /* StaffPickViewModel.swift in Sources */,
				B0CB07BD293637B5005CB392 /* StaffPickCell.swift in Sources */,
				B0CB07AF29363520005CB392 /* Extension + UICollectionViewCell.swift in Sources */,
				B0981BE2293F75C400A8722E /* MovieTitleCell.swift in Sources */,
				B0981C0D2941078E00A8722E /* MFTheme.swift in Sources */,
				B0981BE4293FA71E00A8722E /* MFMovieDetailViewModel.swift in Sources */,
				B0981BE8293FA9BE00A8722E /* MovieDescriptionCell.swift in Sources */,
				B01DE39D293F69E000EE4BB8 /* MFSearchViewModel.swift in Sources */,
				B0CB079A29362FC0005CB392 /* MFHomeViewController.swift in Sources */,
				B0CB07B129363563005CB392 /* Extension + UITableViewCell.swift in Sources */,
				B01DE394293F64B000EE4BB8 /* MFSearchViewController.swift in Sources */,
				B0981BFC294088AF00A8722E /* MFMoviesModel.swift in Sources */,
				B0981BF0293FB27600A8722E /* KeyFactsCell.swift in Sources */,
				B0CB07B4293635B6005CB392 /* ReusableCellView.swift in Sources */,
				B01DE3A2293F72B300EE4BB8 /* MFMovieDetailsViewController.swift in Sources */,
				B0CB07BB293637AE005CB392 /* FavoriteCell.swift in Sources */,
				B0CB079629362FC0005CB392 /* AppDelegate.swift in Sources */,
				B01DE392293F642A00EE4BB8 /* RatingsCell.swift in Sources */,
				B0981C022940918B00A8722E /* Extension + UIImageView.swift in Sources */,
				B0981BEC293FAD6000A8722E /* UserProfileCell.swift in Sources */,
				B0981C082940AEC000A8722E /* MovieTitleModel.swift in Sources */,
				B01DE399293F66A400EE4BB8 /* MFHomeViewModel.swift in Sources */,
				B01DE39B293F68F600EE4BB8 /* Extension + UIApplication.swift in Sources */,
				B0981C0629409ED300A8722E /* MFDefaultViewController.swift in Sources */,
				B0CB079829362FC0005CB392 /* SceneDelegate.swift in Sources */,
				B0981C002940897200A8722E /* MFJSONParser.swift in Sources */,
			);
			runOnlyForDeploymentPostprocessing = 0;
		};
/* End PBXSourcesBuildPhase section */

/* Begin PBXVariantGroup section */
		B0CB079B29362FC0005CB392 /* Main.storyboard */ = {
			isa = PBXVariantGroup;
			children = (
				B0CB079C29362FC0005CB392 /* Base */,
			);
			name = Main.storyboard;
			sourceTree = "<group>";
		};
		B0CB07A029362FC2005CB392 /* LaunchScreen.storyboard */ = {
			isa = PBXVariantGroup;
			children = (
				B0CB07A129362FC2005CB392 /* Base */,
			);
			name = LaunchScreen.storyboard;
			sourceTree = "<group>";
		};
/* End PBXVariantGroup section */

/* Begin XCBuildConfiguration section */
		B0CB07A429362FC2005CB392 /* Debug */ = {
			isa = XCBuildConfiguration;
			buildSettings = {
				ALWAYS_SEARCH_USER_PATHS = NO;
				CLANG_ANALYZER_NONNULL = YES;
				CLANG_ANALYZER_NUMBER_OBJECT_CONVERSION = YES_AGGRESSIVE;
				CLANG_CXX_LANGUAGE_STANDARD = "gnu++20";
				CLANG_ENABLE_MODULES = YES;
				CLANG_ENABLE_OBJC_ARC = YES;
				CLANG_ENABLE_OBJC_WEAK = YES;
				CLANG_WARN_BLOCK_CAPTURE_AUTORELEASING = YES;
				CLANG_WARN_BOOL_CONVERSION = YES;
				CLANG_WARN_COMMA = YES;
				CLANG_WARN_CONSTANT_CONVERSION = YES;
				CLANG_WARN_DEPRECATED_OBJC_IMPLEMENTATIONS = YES;
				CLANG_WARN_DIRECT_OBJC_ISA_USAGE = YES_ERROR;
				CLANG_WARN_DOCUMENTATION_COMMENTS = YES;
				CLANG_WARN_EMPTY_BODY = YES;
				CLANG_WARN_ENUM_CONVERSION = YES;
				CLANG_WARN_INFINITE_RECURSION = YES;
				CLANG_WARN_INT_CONVERSION = YES;
				CLANG_WARN_NON_LITERAL_NULL_CONVERSION = YES;
				CLANG_WARN_OBJC_IMPLICIT_RETAIN_SELF = YES;
				CLANG_WARN_OBJC_LITERAL_CONVERSION = YES;
				CLANG_WARN_OBJC_ROOT_CLASS = YES_ERROR;
				CLANG_WARN_QUOTED_INCLUDE_IN_FRAMEWORK_HEADER = YES;
				CLANG_WARN_RANGE_LOOP_ANALYSIS = YES;
				CLANG_WARN_STRICT_PROTOTYPES = YES;
				CLANG_WARN_SUSPICIOUS_MOVE = YES;
				CLANG_WARN_UNGUARDED_AVAILABILITY = YES_AGGRESSIVE;
				CLANG_WARN_UNREACHABLE_CODE = YES;
				CLANG_WARN__DUPLICATE_METHOD_MATCH = YES;
				COPY_PHASE_STRIP = NO;
				DEBUG_INFORMATION_FORMAT = dwarf;
				ENABLE_STRICT_OBJC_MSGSEND = YES;
				ENABLE_TESTABILITY = YES;
				GCC_C_LANGUAGE_STANDARD = gnu11;
				GCC_DYNAMIC_NO_PIC = NO;
				GCC_NO_COMMON_BLOCKS = YES;
				GCC_OPTIMIZATION_LEVEL = 0;
				GCC_PREPROCESSOR_DEFINITIONS = (
					"DEBUG=1",
					"$(inherited)",
				);
				GCC_WARN_64_TO_32_BIT_CONVERSION = YES;
				GCC_WARN_ABOUT_RETURN_TYPE = YES_ERROR;
				GCC_WARN_UNDECLARED_SELECTOR = YES;
				GCC_WARN_UNINITIALIZED_AUTOS = YES_AGGRESSIVE;
				GCC_WARN_UNUSED_FUNCTION = YES;
				GCC_WARN_UNUSED_VARIABLE = YES;
				IPHONEOS_DEPLOYMENT_TARGET = 16.1;
				MTL_ENABLE_DEBUG_INFO = INCLUDE_SOURCE;
				MTL_FAST_MATH = YES;
				ONLY_ACTIVE_ARCH = YES;
				SDKROOT = iphoneos;
				SWIFT_ACTIVE_COMPILATION_CONDITIONS = DEBUG;
				SWIFT_OPTIMIZATION_LEVEL = "-Onone";
			};
			name = Debug;
		};
		B0CB07A529362FC2005CB392 /* Release */ = {
			isa = XCBuildConfiguration;
			buildSettings = {
				ALWAYS_SEARCH_USER_PATHS = NO;
				CLANG_ANALYZER_NONNULL = YES;
				CLANG_ANALYZER_NUMBER_OBJECT_CONVERSION = YES_AGGRESSIVE;
				CLANG_CXX_LANGUAGE_STANDARD = "gnu++20";
				CLANG_ENABLE_MODULES = YES;
				CLANG_ENABLE_OBJC_ARC = YES;
				CLANG_ENABLE_OBJC_WEAK = YES;
				CLANG_WARN_BLOCK_CAPTURE_AUTORELEASING = YES;
				CLANG_WARN_BOOL_CONVERSION = YES;
				CLANG_WARN_COMMA = YES;
				CLANG_WARN_CONSTANT_CONVERSION = YES;
				CLANG_WARN_DEPRECATED_OBJC_IMPLEMENTATIONS = YES;
				CLANG_WARN_DIRECT_OBJC_ISA_USAGE = YES_ERROR;
				CLANG_WARN_DOCUMENTATION_COMMENTS = YES;
				CLANG_WARN_EMPTY_BODY = YES;
				CLANG_WARN_ENUM_CONVERSION = YES;
				CLANG_WARN_INFINITE_RECURSION = YES;
				CLANG_WARN_INT_CONVERSION = YES;
				CLANG_WARN_NON_LITERAL_NULL_CONVERSION = YES;
				CLANG_WARN_OBJC_IMPLICIT_RETAIN_SELF = YES;
				CLANG_WARN_OBJC_LITERAL_CONVERSION = YES;
				CLANG_WARN_OBJC_ROOT_CLASS = YES_ERROR;
				CLANG_WARN_QUOTED_INCLUDE_IN_FRAMEWORK_HEADER = YES;
				CLANG_WARN_RANGE_LOOP_ANALYSIS = YES;
				CLANG_WARN_STRICT_PROTOTYPES = YES;
				CLANG_WARN_SUSPICIOUS_MOVE = YES;
				CLANG_WARN_UNGUARDED_AVAILABILITY = YES_AGGRESSIVE;
				CLANG_WARN_UNREACHABLE_CODE = YES;
				CLANG_WARN__DUPLICATE_METHOD_MATCH = YES;
				COPY_PHASE_STRIP = NO;
				DEBUG_INFORMATION_FORMAT = "dwarf-with-dsym";
				ENABLE_NS_ASSERTIONS = NO;
				ENABLE_STRICT_OBJC_MSGSEND = YES;
				GCC_C_LANGUAGE_STANDARD = gnu11;
				GCC_NO_COMMON_BLOCKS = YES;
				GCC_WARN_64_TO_32_BIT_CONVERSION = YES;
				GCC_WARN_ABOUT_RETURN_TYPE = YES_ERROR;
				GCC_WARN_UNDECLARED_SELECTOR = YES;
				GCC_WARN_UNINITIALIZED_AUTOS = YES_AGGRESSIVE;
				GCC_WARN_UNUSED_FUNCTION = YES;
				GCC_WARN_UNUSED_VARIABLE = YES;
				IPHONEOS_DEPLOYMENT_TARGET = 16.1;
				MTL_ENABLE_DEBUG_INFO = NO;
				MTL_FAST_MATH = YES;
				SDKROOT = iphoneos;
				SWIFT_COMPILATION_MODE = wholemodule;
				SWIFT_OPTIMIZATION_LEVEL = "-O";
				VALIDATE_PRODUCT = YES;
			};
			name = Release;
		};
		B0CB07A729362FC2005CB392 /* Debug */ = {
			isa = XCBuildConfiguration;
			buildSettings = {
				ASSETCATALOG_COMPILER_APPICON_NAME = AppIcon;
				ASSETCATALOG_COMPILER_GLOBAL_ACCENT_COLOR_NAME = AccentColor;
				CODE_SIGN_STYLE = Automatic;
				CURRENT_PROJECT_VERSION = 1;
				GENERATE_INFOPLIST_FILE = YES;
				INFOPLIST_FILE = MovieFlix/Info.plist;
				INFOPLIST_KEY_UIApplicationSupportsIndirectInputEvents = YES;
				INFOPLIST_KEY_UILaunchStoryboardName = LaunchScreen;
				INFOPLIST_KEY_UIMainStoryboardFile = Main;
				INFOPLIST_KEY_UISupportedInterfaceOrientations = UIInterfaceOrientationPortrait;
				IPHONEOS_DEPLOYMENT_TARGET = 13.0;
				LD_RUNPATH_SEARCH_PATHS = (
					"$(inherited)",
					"@executable_path/Frameworks",
				);
				MARKETING_VERSION = 1.0;
				PRODUCT_BUNDLE_IDENTIFIER = com.MovieFlix.app.MovieFlix;
				PRODUCT_NAME = "$(TARGET_NAME)";
				SWIFT_EMIT_LOC_STRINGS = YES;
				SWIFT_VERSION = 5.0;
				TARGETED_DEVICE_FAMILY = "1,2";
			};
			name = Debug;
		};
		B0CB07A829362FC2005CB392 /* Release */ = {
			isa = XCBuildConfiguration;
			buildSettings = {
				ASSETCATALOG_COMPILER_APPICON_NAME = AppIcon;
				ASSETCATALOG_COMPILER_GLOBAL_ACCENT_COLOR_NAME = AccentColor;
				CODE_SIGN_STYLE = Automatic;
				CURRENT_PROJECT_VERSION = 1;
				GENERATE_INFOPLIST_FILE = YES;
				INFOPLIST_FILE = MovieFlix/Info.plist;
				INFOPLIST_KEY_UIApplicationSupportsIndirectInputEvents = YES;
				INFOPLIST_KEY_UILaunchStoryboardName = LaunchScreen;
				INFOPLIST_KEY_UIMainStoryboardFile = Main;
				INFOPLIST_KEY_UISupportedInterfaceOrientations = UIInterfaceOrientationPortrait;
				IPHONEOS_DEPLOYMENT_TARGET = 13.0;
				LD_RUNPATH_SEARCH_PATHS = (
					"$(inherited)",
					"@executable_path/Frameworks",
				);
				MARKETING_VERSION = 1.0;
				PRODUCT_BUNDLE_IDENTIFIER = com.MovieFlix.app.MovieFlix;
				PRODUCT_NAME = "$(TARGET_NAME)";
				SWIFT_EMIT_LOC_STRINGS = YES;
				SWIFT_VERSION = 5.0;
				TARGETED_DEVICE_FAMILY = "1,2";
			};
			name = Release;
		};
/* End XCBuildConfiguration section */

/* Begin XCConfigurationList section */
		B0CB078D29362FC0005CB392 /* Build configuration list for PBXProject "MovieFlix" */ = {
			isa = XCConfigurationList;
			buildConfigurations = (
				B0CB07A429362FC2005CB392 /* Debug */,
				B0CB07A529362FC2005CB392 /* Release */,
			);
			defaultConfigurationIsVisible = 0;
			defaultConfigurationName = Release;
		};
		B0CB07A629362FC2005CB392 /* Build configuration list for PBXNativeTarget "MovieFlix" */ = {
			isa = XCConfigurationList;
			buildConfigurations = (
				B0CB07A729362FC2005CB392 /* Debug */,
				B0CB07A829362FC2005CB392 /* Release */,
			);
			defaultConfigurationIsVisible = 0;
			defaultConfigurationName = Release;
		};
/* End XCConfigurationList section */
	};
	rootObject = B0CB078A29362FC0005CB392 /* Project object */;
}
